
Microsoft Visual Studio Solution File, Format Version 12.00
# Visual Studio Version 16
VisualStudioVersion = 16.0.30114.105
MinimumVisualStudioVersion = 10.0.40219.1
Project("{FAE04EC0-301F-11D3-BF4B-00C04F79EFBC}") = "AtmoSavingFix", "AtmoSavingFix\AtmoSavingFix.csproj", "{11F02210-B569-473E-B75F-A0EC642A589A}"
EndProject
Project("{2150E333-8FDC-42A3-9474-1A3956D46DE8}") = "Solution Items", "Solution Items", "{748A9B77-7D84-446F-8843-839F12FA493B}"
	ProjectSection(SolutionItems) = preProject
		README.md = README.md
	EndProjectSection
EndProject
Global
	GlobalSection(SolutionConfigurationPlatforms) = preSolution
		Debug|Any CPU = Debug|Any CPU
		Release|Any CPU = Release|Any CPU
	EndGlobalSection
	GlobalSection(ProjectConfigurationPlatforms) = postSolution
		{11F02210-B569-473E-B75F-A0EC642A589A}.Debug|Any CPU.ActiveCfg = Debug|Any CPU
		{11F02210-B569-473E-B75F-A0EC642A589A}.Debug|Any CPU.Build.0 = Debug|Any CPU
		{11F02210-B569-473E-B75F-A0EC642A589A}.Release|Any CPU.ActiveCfg = Release|Any CPU
		{11F02210-B569-473E-B75F-A0EC642A589A}.Release|Any CPU.Build.0 = Release|Any CPU
	EndGlobalSection
	GlobalSection(SolutionProperties) = preSolution
		HideSolutionNode = FALSE
	EndGlobalSection
	GlobalSection(ExtensibilityGlobals) = postSolution
		SolutionGuid = {3E8C020F-64F1-477E-BB06-A386A3CFF87F}
	EndGlobalSection
EndGlobal
